// !$*UTF8*$!
{
	archiveVersion = 1;
	classes = {
	};
	objectVersion = 55;
	objects = {

/* Begin PBXBuildFile section */
		E708154628BDB54B0061A1A8 /* AppDelegate.swift in Sources */ = {isa = PBXBuildFile; fileRef = E708154528BDB54B0061A1A8 /* AppDelegate.swift */; };
		E708154828BDB54B0061A1A8 /* SceneDelegate.swift in Sources */ = {isa = PBXBuildFile; fileRef = E708154728BDB54B0061A1A8 /* SceneDelegate.swift */; };
		E708154A28BDB54B0061A1A8 /* MainTabBarViewController.swift in Sources */ = {isa = PBXBuildFile; fileRef = E708154928BDB54B0061A1A8 /* MainTabBarViewController.swift */; };
		E708154F28BDB54C0061A1A8 /* Assets.xcassets in Resources */ = {isa = PBXBuildFile; fileRef = E708154E28BDB54C0061A1A8 /* Assets.xcassets */; };
		E708155228BDB54C0061A1A8 /* LaunchScreen.storyboard in Resources */ = {isa = PBXBuildFile; fileRef = E708155028BDB54C0061A1A8 /* LaunchScreen.storyboard */; };
		E708155D28BDB54C0061A1A8 /* Netflix_CloneTests.swift in Sources */ = {isa = PBXBuildFile; fileRef = E708155C28BDB54C0061A1A8 /* Netflix_CloneTests.swift */; };
		E708156728BDB54C0061A1A8 /* Netflix_CloneUITests.swift in Sources */ = {isa = PBXBuildFile; fileRef = E708156628BDB54C0061A1A8 /* Netflix_CloneUITests.swift */; };
		E708156928BDB54C0061A1A8 /* Netflix_CloneUITestsLaunchTests.swift in Sources */ = {isa = PBXBuildFile; fileRef = E708156828BDB54C0061A1A8 /* Netflix_CloneUITestsLaunchTests.swift */; };
		E708157728BDBB910061A1A8 /* HomeViewController.swift in Sources */ = {isa = PBXBuildFile; fileRef = E708157628BDBB910061A1A8 /* HomeViewController.swift */; };
		E708157928BDBBE90061A1A8 /* UpcomingViewController.swift in Sources */ = {isa = PBXBuildFile; fileRef = E708157828BDBBE90061A1A8 /* UpcomingViewController.swift */; };
		E708157B28BDBC530061A1A8 /* SearchViewController.swift in Sources */ = {isa = PBXBuildFile; fileRef = E708157A28BDBC530061A1A8 /* SearchViewController.swift */; };
		E708157D28BDBC950061A1A8 /* DownloadsViewController.swift in Sources */ = {isa = PBXBuildFile; fileRef = E708157C28BDBC950061A1A8 /* DownloadsViewController.swift */; };
/* End PBXBuildFile section */

/* Begin PBXContainerItemProxy section */
		E708155928BDB54C0061A1A8 /* PBXContainerItemProxy */ = {
			isa = PBXContainerItemProxy;
			containerPortal = E708153A28BDB54B0061A1A8 /* Project object */;
			proxyType = 1;
			remoteGlobalIDString = E708154128BDB54B0061A1A8;
			remoteInfo = "Netflix Clone";
		};
		E708156328BDB54C0061A1A8 /* PBXContainerItemProxy */ = {
			isa = PBXContainerItemProxy;
			containerPortal = E708153A28BDB54B0061A1A8 /* Project object */;
			proxyType = 1;
			remoteGlobalIDString = E708154128BDB54B0061A1A8;
			remoteInfo = "Netflix Clone";
		};
/* End PBXContainerItemProxy section */

/* Begin PBXFileReference section */
		E708154228BDB54B0061A1A8 /* Netflix Clone.app */ = {isa = PBXFileReference; explicitFileType = wrapper.application; includeInIndex = 0; path = "Netflix Clone.app"; sourceTree = BUILT_PRODUCTS_DIR; };
		E708154528BDB54B0061A1A8 /* AppDelegate.swift */ = {isa = PBXFileReference; lastKnownFileType = sourcecode.swift; path = AppDelegate.swift; sourceTree = "<group>"; };
		E708154728BDB54B0061A1A8 /* SceneDelegate.swift */ = {isa = PBXFileReference; lastKnownFileType = sourcecode.swift; path = SceneDelegate.swift; sourceTree = "<group>"; };
		E708154928BDB54B0061A1A8 /* MainTabBarViewController.swift */ = {isa = PBXFileReference; lastKnownFileType = sourcecode.swift; path = MainTabBarViewController.swift; sourceTree = "<group>"; };
		E708154E28BDB54C0061A1A8 /* Assets.xcassets */ = {isa = PBXFileReference; lastKnownFileType = folder.assetcatalog; path = Assets.xcassets; sourceTree = "<group>"; };
		E708155128BDB54C0061A1A8 /* Base */ = {isa = PBXFileReference; lastKnownFileType = file.storyboard; name = Base; path = Base.lproj/LaunchScreen.storyboard; sourceTree = "<group>"; };
		E708155328BDB54C0061A1A8 /* Info.plist */ = {isa = PBXFileReference; lastKnownFileType = text.plist.xml; path = Info.plist; sourceTree = "<group>"; };
		E708155828BDB54C0061A1A8 /* Netflix CloneTests.xctest */ = {isa = PBXFileReference; explicitFileType = wrapper.cfbundle; includeInIndex = 0; path = "Netflix CloneTests.xctest"; sourceTree = BUILT_PRODUCTS_DIR; };
		E708155C28BDB54C0061A1A8 /* Netflix_CloneTests.swift */ = {isa = PBXFileReference; lastKnownFileType = sourcecode.swift; path = Netflix_CloneTests.swift; sourceTree = "<group>"; };
		E708156228BDB54C0061A1A8 /* Netflix CloneUITests.xctest */ = {isa = PBXFileReference; explicitFileType = wrapper.cfbundle; includeInIndex = 0; path = "Netflix CloneUITests.xctest"; sourceTree = BUILT_PRODUCTS_DIR; };
		E708156628BDB54C0061A1A8 /* Netflix_CloneUITests.swift */ = {isa = PBXFileReference; lastKnownFileType = sourcecode.swift; path = Netflix_CloneUITests.swift; sourceTree = "<group>"; };
		E708156828BDB54C0061A1A8 /* Netflix_CloneUITestsLaunchTests.swift */ = {isa = PBXFileReference; lastKnownFileType = sourcecode.swift; path = Netflix_CloneUITestsLaunchTests.swift; sourceTree = "<group>"; };
		E708157628BDBB910061A1A8 /* HomeViewController.swift */ = {isa = PBXFileReference; lastKnownFileType = sourcecode.swift; path = HomeViewController.swift; sourceTree = "<group>"; };
		E708157828BDBBE90061A1A8 /* UpcomingViewController.swift */ = {isa = PBXFileReference; lastKnownFileType = sourcecode.swift; path = UpcomingViewController.swift; sourceTree = "<group>"; };
		E708157A28BDBC530061A1A8 /* SearchViewController.swift */ = {isa = PBXFileReference; lastKnownFileType = sourcecode.swift; path = SearchViewController.swift; sourceTree = "<group>"; };
		E708157C28BDBC950061A1A8 /* DownloadsViewController.swift */ = {isa = PBXFileReference; lastKnownFileType = sourcecode.swift; path = DownloadsViewController.swift; sourceTree = "<group>"; };
/* End PBXFileReference section */

/* Begin PBXFrameworksBuildPhase section */
		E708153F28BDB54B0061A1A8 /* Frameworks */ = {
			isa = PBXFrameworksBuildPhase;
			buildActionMask = 2147483647;
			files = (
			);
			runOnlyForDeploymentPostprocessing = 0;
		};
		E708155528BDB54C0061A1A8 /* Frameworks */ = {
			isa = PBXFrameworksBuildPhase;
			buildActionMask = 2147483647;
			files = (
			);
			runOnlyForDeploymentPostprocessing = 0;
		};
		E708155F28BDB54C0061A1A8 /* Frameworks */ = {
			isa = PBXFrameworksBuildPhase;
			buildActionMask = 2147483647;
			files = (
			);
			runOnlyForDeploymentPostprocessing = 0;
		};
/* End PBXFrameworksBuildPhase section */

/* Begin PBXGroup section */
		E708153928BDB54B0061A1A8 = {
			isa = PBXGroup;
			children = (
				E708154428BDB54B0061A1A8 /* Netflix Clone */,
				E708155B28BDB54C0061A1A8 /* Netflix CloneTests */,
				E708156528BDB54C0061A1A8 /* Netflix CloneUITests */,
				E708154328BDB54B0061A1A8 /* Products */,
			);
			sourceTree = "<group>";
		};
		E708154328BDB54B0061A1A8 /* Products */ = {
			isa = PBXGroup;
			children = (
				E708154228BDB54B0061A1A8 /* Netflix Clone.app */,
				E708155828BDB54C0061A1A8 /* Netflix CloneTests.xctest */,
				E708156228BDB54C0061A1A8 /* Netflix CloneUITests.xctest */,
			);
			name = Products;
			sourceTree = "<group>";
		};
		E708154428BDB54B0061A1A8 /* Netflix Clone */ = {
			isa = PBXGroup;
			children = (
				E708157528BDBB220061A1A8 /* Controllers */,
				E708154528BDB54B0061A1A8 /* AppDelegate.swift */,
				E708154728BDB54B0061A1A8 /* SceneDelegate.swift */,
				E708154928BDB54B0061A1A8 /* MainTabBarViewController.swift */,
				E708154E28BDB54C0061A1A8 /* Assets.xcassets */,
				E708155028BDB54C0061A1A8 /* LaunchScreen.storyboard */,
				E708155328BDB54C0061A1A8 /* Info.plist */,
			);
			path = "Netflix Clone";
			sourceTree = "<group>";
		};
		E708155B28BDB54C0061A1A8 /* Netflix CloneTests */ = {
			isa = PBXGroup;
			children = (
				E708155C28BDB54C0061A1A8 /* Netflix_CloneTests.swift */,
			);
			path = "Netflix CloneTests";
			sourceTree = "<group>";
		};
		E708156528BDB54C0061A1A8 /* Netflix CloneUITests */ = {
			isa = PBXGroup;
			children = (
				E708156628BDB54C0061A1A8 /* Netflix_CloneUITests.swift */,
				E708156828BDB54C0061A1A8 /* Netflix_CloneUITestsLaunchTests.swift */,
			);
			path = "Netflix CloneUITests";
			sourceTree = "<group>";
		};
		E708157528BDBB220061A1A8 /* Controllers */ = {
			isa = PBXGroup;
			children = (
				E708157628BDBB910061A1A8 /* HomeViewController.swift */,
				E708157828BDBBE90061A1A8 /* UpcomingViewController.swift */,
				E708157A28BDBC530061A1A8 /* SearchViewController.swift */,
				E708157C28BDBC950061A1A8 /* DownloadsViewController.swift */,
			);
			path = Controllers;
			sourceTree = "<group>";
		};
/* End PBXGroup section */

/* Begin PBXNativeTarget section */
		E708154128BDB54B0061A1A8 /* Netflix Clone */ = {
			isa = PBXNativeTarget;
			buildConfigurationList = E708156C28BDB54C0061A1A8 /* Build configuration list for PBXNativeTarget "Netflix Clone" */;
			buildPhases = (
				E708153E28BDB54B0061A1A8 /* Sources */,
				E708153F28BDB54B0061A1A8 /* Frameworks */,
				E708154028BDB54B0061A1A8 /* Resources */,
			);
			buildRules = (
			);
			dependencies = (
			);
			name = "Netflix Clone";
			productName = "Netflix Clone";
			productReference = E708154228BDB54B0061A1A8 /* Netflix Clone.app */;
			productType = "com.apple.product-type.application";
		};
		E708155728BDB54C0061A1A8 /* Netflix CloneTests */ = {
			isa = PBXNativeTarget;
			buildConfigurationList = E708156F28BDB54C0061A1A8 /* Build configuration list for PBXNativeTarget "Netflix CloneTests" */;
			buildPhases = (
				E708155428BDB54C0061A1A8 /* Sources */,
				E708155528BDB54C0061A1A8 /* Frameworks */,
				E708155628BDB54C0061A1A8 /* Resources */,
			);
			buildRules = (
			);
			dependencies = (
				E708155A28BDB54C0061A1A8 /* PBXTargetDependency */,
			);
			name = "Netflix CloneTests";
			productName = "Netflix CloneTests";
			productReference = E708155828BDB54C0061A1A8 /* Netflix CloneTests.xctest */;
			productType = "com.apple.product-type.bundle.unit-test";
		};
		E708156128BDB54C0061A1A8 /* Netflix CloneUITests */ = {
			isa = PBXNativeTarget;
			buildConfigurationList = E708157228BDB54C0061A1A8 /* Build configuration list for PBXNativeTarget "Netflix CloneUITests" */;
			buildPhases = (
				E708155E28BDB54C0061A1A8 /* Sources */,
				E708155F28BDB54C0061A1A8 /* Frameworks */,
				E708156028BDB54C0061A1A8 /* Resources */,
			);
			buildRules = (
			);
			dependencies = (
				E708156428BDB54C0061A1A8 /* PBXTargetDependency */,
			);
			name = "Netflix CloneUITests";
			productName = "Netflix CloneUITests";
			productReference = E708156228BDB54C0061A1A8 /* Netflix CloneUITests.xctest */;
			productType = "com.apple.product-type.bundle.ui-testing";
		};
/* End PBXNativeTarget section */

/* Begin PBXProject section */
		E708153A28BDB54B0061A1A8 /* Project object */ = {
			isa = PBXProject;
			attributes = {
				BuildIndependentTargetsInParallel = 1;
				LastSwiftUpdateCheck = 1330;
				LastUpgradeCheck = 1330;
				TargetAttributes = {
					E708154128BDB54B0061A1A8 = {
						CreatedOnToolsVersion = 13.3.1;
					};
					E708155728BDB54C0061A1A8 = {
						CreatedOnToolsVersion = 13.3.1;
						TestTargetID = E708154128BDB54B0061A1A8;
					};
					E708156128BDB54C0061A1A8 = {
						CreatedOnToolsVersion = 13.3.1;
						TestTargetID = E708154128BDB54B0061A1A8;
					};
				};
			};
			buildConfigurationList = E708153D28BDB54B0061A1A8 /* Build configuration list for PBXProject "Netflix Clone" */;
			compatibilityVersion = "Xcode 13.0";
			developmentRegion = en;
			hasScannedForEncodings = 0;
			knownRegions = (
				en,
				Base,
			);
			mainGroup = E708153928BDB54B0061A1A8;
			productRefGroup = E708154328BDB54B0061A1A8 /* Products */;
			projectDirPath = "";
			projectRoot = "";
			targets = (
				E708154128BDB54B0061A1A8 /* Netflix Clone */,
				E708155728BDB54C0061A1A8 /* Netflix CloneTests */,
				E708156128BDB54C0061A1A8 /* Netflix CloneUITests */,
			);
		};
/* End PBXProject section */

/* Begin PBXResourcesBuildPhase section */
		E708154028BDB54B0061A1A8 /* Resources */ = {
			isa = PBXResourcesBuildPhase;
			buildActionMask = 2147483647;
			files = (
				E708155228BDB54C0061A1A8 /* LaunchScreen.storyboard in Resources */,
				E708154F28BDB54C0061A1A8 /* Assets.xcassets in Resources */,
			);
			runOnlyForDeploymentPostprocessing = 0;
		};
		E708155628BDB54C0061A1A8 /* Resources */ = {
			isa = PBXResourcesBuildPhase;
			buildActionMask = 2147483647;
			files = (
			);
			runOnlyForDeploymentPostprocessing = 0;
		};
		E708156028BDB54C0061A1A8 /* Resources */ = {
			isa = PBXResourcesBuildPhase;
			buildActionMask = 2147483647;
			files = (
			);
			runOnlyForDeploymentPostprocessing = 0;
		};
/* End PBXResourcesBuildPhase section */

/* Begin PBXSourcesBuildPhase section */
		E708153E28BDB54B0061A1A8 /* Sources */ = {
			isa = PBXSourcesBuildPhase;
			buildActionMask = 2147483647;
			files = (
				E708157B28BDBC530061A1A8 /* SearchViewController.swift in Sources */,
				E708154A28BDB54B0061A1A8 /* MainTabBarViewController.swift in Sources */,
				E708157D28BDBC950061A1A8 /* DownloadsViewController.swift in Sources */,
				E708154628BDB54B0061A1A8 /* AppDelegate.swift in Sources */,
				E708154828BDB54B0061A1A8 /* SceneDelegate.swift in Sources */,
				E708157928BDBBE90061A1A8 /* UpcomingViewController.swift in Sources */,
				E708157728BDBB910061A1A8 /* HomeViewController.swift in Sources */,
			);
			runOnlyForDeploymentPostprocessing = 0;
		};
		E708155428BDB54C0061A1A8 /* Sources */ = {
			isa = PBXSourcesBuildPhase;
			buildActionMask = 2147483647;
			files = (
				E708155D28BDB54C0061A1A8 /* Netflix_CloneTests.swift in Sources */,
			);
			runOnlyForDeploymentPostprocessing = 0;
		};
		E708155E28BDB54C0061A1A8 /* Sources */ = {
			isa = PBXSourcesBuildPhase;
			buildActionMask = 2147483647;
			files = (
				E708156728BDB54C0061A1A8 /* Netflix_CloneUITests.swift in Sources */,
				E708156928BDB54C0061A1A8 /* Netflix_CloneUITestsLaunchTests.swift in Sources */,
			);
			runOnlyForDeploymentPostprocessing = 0;
		};
/* End PBXSourcesBuildPhase section */

/* Begin PBXTargetDependency section */
		E708155A28BDB54C0061A1A8 /* PBXTargetDependency */ = {
			isa = PBXTargetDependency;
			target = E708154128BDB54B0061A1A8 /* Netflix Clone */;
			targetProxy = E708155928BDB54C0061A1A8 /* PBXContainerItemProxy */;
		};
		E708156428BDB54C0061A1A8 /* PBXTargetDependency */ = {
			isa = PBXTargetDependency;
			target = E708154128BDB54B0061A1A8 /* Netflix Clone */;
			targetProxy = E708156328BDB54C0061A1A8 /* PBXContainerItemProxy */;
		};
/* End PBXTargetDependency section */

/* Begin PBXVariantGroup section */
		E708155028BDB54C0061A1A8 /* LaunchScreen.storyboard */ = {
			isa = PBXVariantGroup;
			children = (
				E708155128BDB54C0061A1A8 /* Base */,
			);
			name = LaunchScreen.storyboard;
			sourceTree = "<group>";
		};
/* End PBXVariantGroup section */

/* Begin XCBuildConfiguration section */
		E708156A28BDB54C0061A1A8 /* Debug */ = {
			isa = XCBuildConfiguration;
			buildSettings = {
				ALWAYS_SEARCH_USER_PATHS = NO;
				CLANG_ANALYZER_NONNULL = YES;
				CLANG_ANALYZER_NUMBER_OBJECT_CONVERSION = YES_AGGRESSIVE;
				CLANG_CXX_LANGUAGE_STANDARD = "gnu++17";
				CLANG_ENABLE_MODULES = YES;
				CLANG_ENABLE_OBJC_ARC = YES;
				CLANG_ENABLE_OBJC_WEAK = YES;
				CLANG_WARN_BLOCK_CAPTURE_AUTORELEASING = YES;
				CLANG_WARN_BOOL_CONVERSION = YES;
				CLANG_WARN_COMMA = YES;
				CLANG_WARN_CONSTANT_CONVERSION = YES;
				CLANG_WARN_DEPRECATED_OBJC_IMPLEMENTATIONS = YES;
				CLANG_WARN_DIRECT_OBJC_ISA_USAGE = YES_ERROR;
				CLANG_WARN_DOCUMENTATION_COMMENTS = YES;
				CLANG_WARN_EMPTY_BODY = YES;
				CLANG_WARN_ENUM_CONVERSION = YES;
				CLANG_WARN_INFINITE_RECURSION = YES;
				CLANG_WARN_INT_CONVERSION = YES;
				CLANG_WARN_NON_LITERAL_NULL_CONVERSION = YES;
				CLANG_WARN_OBJC_IMPLICIT_RETAIN_SELF = YES;
				CLANG_WARN_OBJC_LITERAL_CONVERSION = YES;
				CLANG_WARN_OBJC_ROOT_CLASS = YES_ERROR;
				CLANG_WARN_QUOTED_INCLUDE_IN_FRAMEWORK_HEADER = YES;
				CLANG_WARN_RANGE_LOOP_ANALYSIS = YES;
				CLANG_WARN_STRICT_PROTOTYPES = YES;
				CLANG_WARN_SUSPICIOUS_MOVE = YES;
				CLANG_WARN_UNGUARDED_AVAILABILITY = YES_AGGRESSIVE;
				CLANG_WARN_UNREACHABLE_CODE = YES;
				CLANG_WARN__DUPLICATE_METHOD_MATCH = YES;
				COPY_PHASE_STRIP = NO;
				DEBUG_INFORMATION_FORMAT = dwarf;
				ENABLE_STRICT_OBJC_MSGSEND = YES;
				ENABLE_TESTABILITY = YES;
				GCC_C_LANGUAGE_STANDARD = gnu11;
				GCC_DYNAMIC_NO_PIC = NO;
				GCC_NO_COMMON_BLOCKS = YES;
				GCC_OPTIMIZATION_LEVEL = 0;
				GCC_PREPROCESSOR_DEFINITIONS = (
					"DEBUG=1",
					"$(inherited)",
				);
				GCC_WARN_64_TO_32_BIT_CONVERSION = YES;
				GCC_WARN_ABOUT_RETURN_TYPE = YES_ERROR;
				GCC_WARN_UNDECLARED_SELECTOR = YES;
				GCC_WARN_UNINITIALIZED_AUTOS = YES_AGGRESSIVE;
				GCC_WARN_UNUSED_FUNCTION = YES;
				GCC_WARN_UNUSED_VARIABLE = YES;
				IPHONEOS_DEPLOYMENT_TARGET = 15.4;
				MTL_ENABLE_DEBUG_INFO = INCLUDE_SOURCE;
				MTL_FAST_MATH = YES;
				ONLY_ACTIVE_ARCH = YES;
				SDKROOT = iphoneos;
				SWIFT_ACTIVE_COMPILATION_CONDITIONS = DEBUG;
				SWIFT_OPTIMIZATION_LEVEL = "-Onone";
			};
			name = Debug;
		};
		E708156B28BDB54C0061A1A8 /* Release */ = {
			isa = XCBuildConfiguration;
			buildSettings = {
				ALWAYS_SEARCH_USER_PATHS = NO;
				CLANG_ANALYZER_NONNULL = YES;
				CLANG_ANALYZER_NUMBER_OBJECT_CONVERSION = YES_AGGRESSIVE;
				CLANG_CXX_LANGUAGE_STANDARD = "gnu++17";
				CLANG_ENABLE_MODULES = YES;
				CLANG_ENABLE_OBJC_ARC = YES;
				CLANG_ENABLE_OBJC_WEAK = YES;
				CLANG_WARN_BLOCK_CAPTURE_AUTORELEASING = YES;
				CLANG_WARN_BOOL_CONVERSION = YES;
				CLANG_WARN_COMMA = YES;
				CLANG_WARN_CONSTANT_CONVERSION = YES;
				CLANG_WARN_DEPRECATED_OBJC_IMPLEMENTATIONS = YES;
				CLANG_WARN_DIRECT_OBJC_ISA_USAGE = YES_ERROR;
				CLANG_WARN_DOCUMENTATION_COMMENTS = YES;
				CLANG_WARN_EMPTY_BODY = YES;
				CLANG_WARN_ENUM_CONVERSION = YES;
				CLANG_WARN_INFINITE_RECURSION = YES;
				CLANG_WARN_INT_CONVERSION = YES;
				CLANG_WARN_NON_LITERAL_NULL_CONVERSION = YES;
				CLANG_WARN_OBJC_IMPLICIT_RETAIN_SELF = YES;
				CLANG_WARN_OBJC_LITERAL_CONVERSION = YES;
				CLANG_WARN_OBJC_ROOT_CLASS = YES_ERROR;
				CLANG_WARN_QUOTED_INCLUDE_IN_FRAMEWORK_HEADER = YES;
				CLANG_WARN_RANGE_LOOP_ANALYSIS = YES;
				CLANG_WARN_STRICT_PROTOTYPES = YES;
				CLANG_WARN_SUSPICIOUS_MOVE = YES;
				CLANG_WARN_UNGUARDED_AVAILABILITY = YES_AGGRESSIVE;
				CLANG_WARN_UNREACHABLE_CODE = YES;
				CLANG_WARN__DUPLICATE_METHOD_MATCH = YES;
				COPY_PHASE_STRIP = NO;
				DEBUG_INFORMATION_FORMAT = "dwarf-with-dsym";
				ENABLE_NS_ASSERTIONS = NO;
				ENABLE_STRICT_OBJC_MSGSEND = YES;
				GCC_C_LANGUAGE_STANDARD = gnu11;
				GCC_NO_COMMON_BLOCKS = YES;
				GCC_WARN_64_TO_32_BIT_CONVERSION = YES;
				GCC_WARN_ABOUT_RETURN_TYPE = YES_ERROR;
				GCC_WARN_UNDECLARED_SELECTOR = YES;
				GCC_WARN_UNINITIALIZED_AUTOS = YES_AGGRESSIVE;
				GCC_WARN_UNUSED_FUNCTION = YES;
				GCC_WARN_UNUSED_VARIABLE = YES;
				IPHONEOS_DEPLOYMENT_TARGET = 15.4;
				MTL_ENABLE_DEBUG_INFO = NO;
				MTL_FAST_MATH = YES;
				SDKROOT = iphoneos;
				SWIFT_COMPILATION_MODE = wholemodule;
				SWIFT_OPTIMIZATION_LEVEL = "-O";
				VALIDATE_PRODUCT = YES;
			};
			name = Release;
		};
		E708156D28BDB54C0061A1A8 /* Debug */ = {
			isa = XCBuildConfiguration;
			buildSettings = {
				ASSETCATALOG_COMPILER_APPICON_NAME = AppIcon;
				ASSETCATALOG_COMPILER_GLOBAL_ACCENT_COLOR_NAME = AccentColor;
				CODE_SIGN_STYLE = Automatic;
				CURRENT_PROJECT_VERSION = 1;
				DEVELOPMENT_TEAM = RD7K86AC3N;
				GENERATE_INFOPLIST_FILE = YES;
				INFOPLIST_FILE = "Netflix Clone/Info.plist";
				INFOPLIST_KEY_UIApplicationSupportsIndirectInputEvents = YES;
				INFOPLIST_KEY_UILaunchStoryboardName = LaunchScreen;
				INFOPLIST_KEY_UISupportedInterfaceOrientations_iPad = "UIInterfaceOrientationPortrait UIInterfaceOrientationPortraitUpsideDown UIInterfaceOrientationLandscapeLeft UIInterfaceOrientationLandscapeRight";
				INFOPLIST_KEY_UISupportedInterfaceOrientations_iPhone = "UIInterfaceOrientationPortrait UIInterfaceOrientationLandscapeLeft UIInterfaceOrientationLandscapeRight";
				LD_RUNPATH_SEARCH_PATHS = (
					"$(inherited)",
					"@executable_path/Frameworks",
				);
				MARKETING_VERSION = 1.0;
				PRODUCT_BUNDLE_IDENTIFIER = "awais.Netflix-Clone";
				PRODUCT_NAME = "$(TARGET_NAME)";
				SWIFT_EMIT_LOC_STRINGS = YES;
				SWIFT_VERSION = 5.0;
				TARGETED_DEVICE_FAMILY = "1,2";
			};
			name = Debug;
		};
		E708156E28BDB54C0061A1A8 /* Release */ = {
			isa = XCBuildConfiguration;
			buildSettings = {
				ASSETCATALOG_COMPILER_APPICON_NAME = AppIcon;
				ASSETCATALOG_COMPILER_GLOBAL_ACCENT_COLOR_NAME = AccentColor;
				CODE_SIGN_STYLE = Automatic;
				CURRENT_PROJECT_VERSION = 1;
				DEVELOPMENT_TEAM = RD7K86AC3N;
				GENERATE_INFOPLIST_FILE = YES;
				INFOPLIST_FILE = "Netflix Clone/Info.plist";
				INFOPLIST_KEY_UIApplicationSupportsIndirectInputEvents = YES;
				INFOPLIST_KEY_UILaunchStoryboardName = LaunchScreen;
				INFOPLIST_KEY_UISupportedInterfaceOrientations_iPad = "UIInterfaceOrientationPortrait UIInterfaceOrientationPortraitUpsideDown UIInterfaceOrientationLandscapeLeft UIInterfaceOrientationLandscapeRight";
				INFOPLIST_KEY_UISupportedInterfaceOrientations_iPhone = "UIInterfaceOrientationPortrait UIInterfaceOrientationLandscapeLeft UIInterfaceOrientationLandscapeRight";
				LD_RUNPATH_SEARCH_PATHS = (
					"$(inherited)",
					"@executable_path/Frameworks",
				);
				MARKETING_VERSION = 1.0;
				PRODUCT_BUNDLE_IDENTIFIER = "awais.Netflix-Clone";
				PRODUCT_NAME = "$(TARGET_NAME)";
				SWIFT_EMIT_LOC_STRINGS = YES;
				SWIFT_VERSION = 5.0;
				TARGETED_DEVICE_FAMILY = "1,2";
			};
			name = Release;
		};
		E708157028BDB54C0061A1A8 /* Debug */ = {
			isa = XCBuildConfiguration;
			buildSettings = {
				ALWAYS_EMBED_SWIFT_STANDARD_LIBRARIES = YES;
				BUNDLE_LOADER = "$(TEST_HOST)";
				CODE_SIGN_STYLE = Automatic;
				CURRENT_PROJECT_VERSION = 1;
				DEVELOPMENT_TEAM = RD7K86AC3N;
				GENERATE_INFOPLIST_FILE = YES;
				IPHONEOS_DEPLOYMENT_TARGET = 15.4;
				MARKETING_VERSION = 1.0;
				PRODUCT_BUNDLE_IDENTIFIER = "awais.Netflix-CloneTests";
				PRODUCT_NAME = "$(TARGET_NAME)";
				SWIFT_EMIT_LOC_STRINGS = NO;
				SWIFT_VERSION = 5.0;
				TARGETED_DEVICE_FAMILY = "1,2";
				TEST_HOST = "$(BUILT_PRODUCTS_DIR)/Netflix Clone.app/Netflix Clone";
			};
			name = Debug;
		};
		E708157128BDB54C0061A1A8 /* Release */ = {
			isa = XCBuildConfiguration;
			buildSettings = {
				ALWAYS_EMBED_SWIFT_STANDARD_LIBRARIES = YES;
				BUNDLE_LOADER = "$(TEST_HOST)";
				CODE_SIGN_STYLE = Automatic;
				CURRENT_PROJECT_VERSION = 1;
				DEVELOPMENT_TEAM = RD7K86AC3N;
				GENERATE_INFOPLIST_FILE = YES;
				IPHONEOS_DEPLOYMENT_TARGET = 15.4;
				MARKETING_VERSION = 1.0;
				PRODUCT_BUNDLE_IDENTIFIER = "awais.Netflix-CloneTests";
				PRODUCT_NAME = "$(TARGET_NAME)";
				SWIFT_EMIT_LOC_STRINGS = NO;
				SWIFT_VERSION = 5.0;
				TARGETED_DEVICE_FAMILY = "1,2";
				TEST_HOST = "$(BUILT_PRODUCTS_DIR)/Netflix Clone.app/Netflix Clone";
			};
			name = Release;
		};
		E708157328BDB54C0061A1A8 /* Debug */ = {
			isa = XCBuildConfiguration;
			buildSettings = {
				ALWAYS_EMBED_SWIFT_STANDARD_LIBRARIES = YES;
				CODE_SIGN_STYLE = Automatic;
				CURRENT_PROJECT_VERSION = 1;
				DEVELOPMENT_TEAM = RD7K86AC3N;
				GENERATE_INFOPLIST_FILE = YES;
				MARKETING_VERSION = 1.0;
				PRODUCT_BUNDLE_IDENTIFIER = "awais.Netflix-CloneUITests";
				PRODUCT_NAME = "$(TARGET_NAME)";
				SWIFT_EMIT_LOC_STRINGS = NO;
				SWIFT_VERSION = 5.0;
				TARGETED_DEVICE_FAMILY = "1,2";
				TEST_TARGET_NAME = "Netflix Clone";
			};
			name = Debug;
		};
		E708157428BDB54C0061A1A8 /* Release */ = {
			isa = XCBuildConfiguration;
			buildSettings = {
				ALWAYS_EMBED_SWIFT_STANDARD_LIBRARIES = YES;
				CODE_SIGN_STYLE = Automatic;
				CURRENT_PROJECT_VERSION = 1;
				DEVELOPMENT_TEAM = RD7K86AC3N;
				GENERATE_INFOPLIST_FILE = YES;
				MARKETING_VERSION = 1.0;
				PRODUCT_BUNDLE_IDENTIFIER = "awais.Netflix-CloneUITests";
				PRODUCT_NAME = "$(TARGET_NAME)";
				SWIFT_EMIT_LOC_STRINGS = NO;
				SWIFT_VERSION = 5.0;
				TARGETED_DEVICE_FAMILY = "1,2";
				TEST_TARGET_NAME = "Netflix Clone";
			};
			name = Release;
		};
/* End XCBuildConfiguration section */

/* Begin XCConfigurationList section */
		E708153D28BDB54B0061A1A8 /* Build configuration list for PBXProject "Netflix Clone" */ = {
			isa = XCConfigurationList;
			buildConfigurations = (
				E708156A28BDB54C0061A1A8 /* Debug */,
				E708156B28BDB54C0061A1A8 /* Release */,
			);
			defaultConfigurationIsVisible = 0;
			defaultConfigurationName = Release;
		};
		E708156C28BDB54C0061A1A8 /* Build configuration list for PBXNativeTarget "Netflix Clone" */ = {
			isa = XCConfigurationList;
			buildConfigurations = (
				E708156D28BDB54C0061A1A8 /* Debug */,
				E708156E28BDB54C0061A1A8 /* Release */,
			);
			defaultConfigurationIsVisible = 0;
			defaultConfigurationName = Release;
		};
		E708156F28BDB54C0061A1A8 /* Build configuration list for PBXNativeTarget "Netflix CloneTests" */ = {
			isa = XCConfigurationList;
			buildConfigurations = (
				E708157028BDB54C0061A1A8 /* Debug */,
				E708157128BDB54C0061A1A8 /* Release */,
			);
			defaultConfigurationIsVisible = 0;
			defaultConfigurationName = Release;
		};
		E708157228BDB54C0061A1A8 /* Build configuration list for PBXNativeTarget "Netflix CloneUITests" */ = {
			isa = XCConfigurationList;
			buildConfigurations = (
				E708157328BDB54C0061A1A8 /* Debug */,
				E708157428BDB54C0061A1A8 /* Release */,
			);
			defaultConfigurationIsVisible = 0;
			defaultConfigurationName = Release;
		};
/* End XCConfigurationList section */
	};
	rootObject = E708153A28BDB54B0061A1A8 /* Project object */;
}
